
Microsoft Visual Studio Solution File, Format Version 12.00
# Visual Studio Version 17
VisualStudioVersion = 17.9.34607.119
MinimumVisualStudioVersion = 10.0.40219.1
Project("{FAE04EC0-301F-11D3-BF4B-00C04F79EFBC}") = "WPFUI", "WPFUI\WPFUI.csproj", "{D2D7AFE5-7E29-4821-B19B-A4DD62FC6C5A}"
EndProject
Project("{FAE04EC0-301F-11D3-BF4B-00C04F79EFBC}") = "Engine", "Engine\Engine.csproj", "{1AC43A72-0CDB-4B34-9C5B-96ACFDDFB168}"
EndProject
Project("{FAE04EC0-301F-11D3-BF4B-00C04F79EFBC}") = "TestEngine", "TestEngine\TestEngine.csproj", "{2A809FDE-50CA-4C62-94FC-C70703EB340A}"
EndProject
Global
	GlobalSection(SolutionConfigurationPlatforms) = preSolution
		Debug|Any CPU = Debug|Any CPU
		Release|Any CPU = Release|Any CPU
	EndGlobalSection
	GlobalSection(ProjectConfigurationPlatforms) = postSolution
		{D2D7AFE5-7E29-4821-B19B-A4DD62FC6C5A}.Debug|Any CPU.ActiveCfg = Debug|Any CPU
		{D2D7AFE5-7E29-4821-B19B-A4DD62FC6C5A}.Debug|Any CPU.Build.0 = Debug|Any CPU
		{D2D7AFE5-7E29-4821-B19B-A4DD62FC6C5A}.Release|Any CPU.ActiveCfg = Release|Any CPU
		{D2D7AFE5-7E29-4821-B19B-A4DD62FC6C5A}.Release|Any CPU.Build.0 = Release|Any CPU
		{1AC43A72-0CDB-4B34-9C5B-96ACFDDFB168}.Debug|Any CPU.ActiveCfg = Debug|Any CPU
		{1AC43A72-0CDB-4B34-9C5B-96ACFDDFB168}.Debug|Any CPU.Build.0 = Debug|Any CPU
		{1AC43A72-0CDB-4B34-9C5B-96ACFDDFB168}.Release|Any CPU.ActiveCfg = Release|Any CPU
		{1AC43A72-0CDB-4B34-9C5B-96ACFDDFB168}.Release|Any CPU.Build.0 = Release|Any CPU
		{2A809FDE-50CA-4C62-94FC-C70703EB340A}.Debug|Any CPU.ActiveCfg = Debug|Any CPU
		{2A809FDE-50CA-4C62-94FC-C70703EB340A}.Debug|Any CPU.Build.0 = Debug|Any CPU
		{2A809FDE-50CA-4C62-94FC-C70703EB340A}.Release|Any CPU.ActiveCfg = Release|Any CPU
		{2A809FDE-50CA-4C62-94FC-C70703EB340A}.Release|Any CPU.Build.0 = Release|Any CPU
	EndGlobalSection
	GlobalSection(SolutionProperties) = preSolution
		HideSolutionNode = FALSE
	EndGlobalSection
	GlobalSection(ExtensibilityGlobals) = postSolution
		SolutionGuid = {8B2DCA2C-62EF-4888-836D-4C7094875C3D}
	EndGlobalSection
EndGlobal
